// !$*UTF8*$!
{
	archiveVersion = 1;
	classes = {
	};
	objectVersion = 55;
	objects = {

/* Begin PBXBuildFile section */
		B9A4BFF627468769001F0C99 /* AppDelegate.swift in Sources */ = {isa = PBXBuildFile; fileRef = B9A4BFF527468769001F0C99 /* AppDelegate.swift */; };
		B9A4BFF827468769001F0C99 /* SceneDelegate.swift in Sources */ = {isa = PBXBuildFile; fileRef = B9A4BFF727468769001F0C99 /* SceneDelegate.swift */; };
		B9A4BFFA27468769001F0C99 /* ViewController.swift in Sources */ = {isa = PBXBuildFile; fileRef = B9A4BFF927468769001F0C99 /* ViewController.swift */; };
		B9A4BFFD27468769001F0C99 /* Main.storyboard in Resources */ = {isa = PBXBuildFile; fileRef = B9A4BFFB27468769001F0C99 /* Main.storyboard */; };
		B9A4BFFF2746876B001F0C99 /* Assets.xcassets in Resources */ = {isa = PBXBuildFile; fileRef = B9A4BFFE2746876B001F0C99 /* Assets.xcassets */; };
		B9A4C0022746876B001F0C99 /* LaunchScreen.storyboard in Resources */ = {isa = PBXBuildFile; fileRef = B9A4C0002746876B001F0C99 /* LaunchScreen.storyboard */; };
		B9A4C00A274689EC001F0C99 /* SecondScreenVC.swift in Sources */ = {isa = PBXBuildFile; fileRef = B9A4C009274689EC001F0C99 /* SecondScreenVC.swift */; };
		B9A4C00C27468B1D001F0C99 /* SecondViewVC.swift in Sources */ = {isa = PBXBuildFile; fileRef = B9A4C00B27468B1D001F0C99 /* SecondViewVC.swift */; };
/* End PBXBuildFile section */

/* Begin PBXFileReference section */
		B9A4BFF227468769001F0C99 /* Day4_HW_Solution.app */ = {isa = PBXFileReference; explicitFileType = wrapper.application; includeInIndex = 0; path = Day4_HW_Solution.app; sourceTree = BUILT_PRODUCTS_DIR; };
		B9A4BFF527468769001F0C99 /* AppDelegate.swift */ = {isa = PBXFileReference; lastKnownFileType = sourcecode.swift; path = AppDelegate.swift; sourceTree = "<group>"; };
		B9A4BFF727468769001F0C99 /* SceneDelegate.swift */ = {isa = PBXFileReference; lastKnownFileType = sourcecode.swift; path = SceneDelegate.swift; sourceTree = "<group>"; };
		B9A4BFF927468769001F0C99 /* ViewController.swift */ = {isa = PBXFileReference; lastKnownFileType = sourcecode.swift; path = ViewController.swift; sourceTree = "<group>"; };
		B9A4BFFC27468769001F0C99 /* Base */ = {isa = PBXFileReference; lastKnownFileType = file.storyboard; name = Base; path = Base.lproj/Main.storyboard; sourceTree = "<group>"; };
		B9A4BFFE2746876B001F0C99 /* Assets.xcassets */ = {isa = PBXFileReference; lastKnownFileType = folder.assetcatalog; path = Assets.xcassets; sourceTree = "<group>"; };
		B9A4C0012746876B001F0C99 /* Base */ = {isa = PBXFileReference; lastKnownFileType = file.storyboard; name = Base; path = Base.lproj/LaunchScreen.storyboard; sourceTree = "<group>"; };
		B9A4C0032746876B001F0C99 /* Info.plist */ = {isa = PBXFileReference; lastKnownFileType = text.plist.xml; path = Info.plist; sourceTree = "<group>"; };
		B9A4C009274689EC001F0C99 /* SecondScreenVC.swift */ = {isa = PBXFileReference; lastKnownFileType = sourcecode.swift; path = SecondScreenVC.swift; sourceTree = "<group>"; };
		B9A4C00B27468B1D001F0C99 /* SecondViewVC.swift */ = {isa = PBXFileReference; lastKnownFileType = sourcecode.swift; path = SecondViewVC.swift; sourceTree = "<group>"; };
/* End PBXFileReference section */

/* Begin PBXFrameworksBuildPhase section */
		B9A4BFEF27468769001F0C99 /* Frameworks */ = {
			isa = PBXFrameworksBuildPhase;
			buildActionMask = 2147483647;
			files = (
			);
			runOnlyForDeploymentPostprocessing = 0;
		};
/* End PBXFrameworksBuildPhase section */

/* Begin PBXGroup section */
		B9A4BFE927468769001F0C99 = {
			isa = PBXGroup;
			children = (
				B9A4BFF427468769001F0C99 /* Day4_HW_Solution */,
				B9A4BFF327468769001F0C99 /* Products */,
			);
			sourceTree = "<group>";
		};
		B9A4BFF327468769001F0C99 /* Products */ = {
			isa = PBXGroup;
			children = (
				B9A4BFF227468769001F0C99 /* Day4_HW_Solution.app */,
			);
			name = Products;
			sourceTree = "<group>";
		};
		B9A4BFF427468769001F0C99 /* Day4_HW_Solution */ = {
			isa = PBXGroup;
			children = (
				B9A4BFF527468769001F0C99 /* AppDelegate.swift */,
				B9A4BFF727468769001F0C99 /* SceneDelegate.swift */,
				B9A4BFF927468769001F0C99 /* ViewController.swift */,
				B9A4BFFB27468769001F0C99 /* Main.storyboard */,
				B9A4C009274689EC001F0C99 /* SecondScreenVC.swift */,
				B9A4C00B27468B1D001F0C99 /* SecondViewVC.swift */,
				B9A4BFFE2746876B001F0C99 /* Assets.xcassets */,
				B9A4C0002746876B001F0C99 /* LaunchScreen.storyboard */,
				B9A4C0032746876B001F0C99 /* Info.plist */,
			);
			path = Day4_HW_Solution;
			sourceTree = "<group>";
		};
/* End PBXGroup section */

/* Begin PBXNativeTarget section */
		B9A4BFF127468769001F0C99 /* Day4_HW_Solution */ = {
			isa = PBXNativeTarget;
			buildConfigurationList = B9A4C0062746876B001F0C99 /* Build configuration list for PBXNativeTarget "Day4_HW_Solution" */;
			buildPhases = (
				B9A4BFEE27468769001F0C99 /* Sources */,
				B9A4BFEF27468769001F0C99 /* Frameworks */,
				B9A4BFF027468769001F0C99 /* Resources */,
			);
			buildRules = (
			);
			dependencies = (
			);
			name = Day4_HW_Solution;
			productName = Day4_HW_Solution;
			productReference = B9A4BFF227468769001F0C99 /* Day4_HW_Solution.app */;
			productType = "com.apple.product-type.application";
		};
/* End PBXNativeTarget section */

/* Begin PBXProject section */
		B9A4BFEA27468769001F0C99 /* Project object */ = {
			isa = PBXProject;
			attributes = {
				BuildIndependentTargetsInParallel = 1;
				LastSwiftUpdateCheck = 1300;
				LastUpgradeCheck = 1300;
				TargetAttributes = {
					B9A4BFF127468769001F0C99 = {
						CreatedOnToolsVersion = 13.0;
					};
				};
			};
			buildConfigurationList = B9A4BFED27468769001F0C99 /* Build configuration list for PBXProject "Day4_HW_Solution" */;
			compatibilityVersion = "Xcode 13.0";
			developmentRegion = en;
			hasScannedForEncodings = 0;
			knownRegions = (
				en,
				Base,
			);
			mainGroup = B9A4BFE927468769001F0C99;
			productRefGroup = B9A4BFF327468769001F0C99 /* Products */;
			projectDirPath = "";
			projectRoot = "";
			targets = (
				B9A4BFF127468769001F0C99 /* Day4_HW_Solution */,
			);
		};
/* End PBXProject section */

/* Begin PBXResourcesBuildPhase section */
		B9A4BFF027468769001F0C99 /* Resources */ = {
			isa = PBXResourcesBuildPhase;
			buildActionMask = 2147483647;
			files = (
				B9A4C0022746876B001F0C99 /* LaunchScreen.storyboard in Resources */,
				B9A4BFFF2746876B001F0C99 /* Assets.xcassets in Resources */,
				B9A4BFFD27468769001F0C99 /* Main.storyboard in Resources */,
			);
			runOnlyForDeploymentPostprocessing = 0;
		};
/* End PBXResourcesBuildPhase section */

/* Begin PBXSourcesBuildPhase section */
		B9A4BFEE27468769001F0C99 /* Sources */ = {
			isa = PBXSourcesBuildPhase;
			buildActionMask = 2147483647;
			files = (
				B9A4C00A274689EC001F0C99 /* SecondScreenVC.swift in Sources */,
				B9A4BFFA27468769001F0C99 /* ViewController.swift in Sources */,
				B9A4C00C27468B1D001F0C99 /* SecondViewVC.swift in Sources */,
				B9A4BFF627468769001F0C99 /* AppDelegate.swift in Sources */,
				B9A4BFF827468769001F0C99 /* SceneDelegate.swift in Sources */,
			);
			runOnlyForDeploymentPostprocessing = 0;
		};
/* End PBXSourcesBuildPhase section */

/* Begin PBXVariantGroup section */
		B9A4BFFB27468769001F0C99 /* Main.storyboard */ = {
			isa = PBXVariantGroup;
			children = (
				B9A4BFFC27468769001F0C99 /* Base */,
			);
			name = Main.storyboard;
			sourceTree = "<group>";
		};
		B9A4C0002746876B001F0C99 /* LaunchScreen.storyboard */ = {
			isa = PBXVariantGroup;
			children = (
				B9A4C0012746876B001F0C99 /* Base */,
			);
			name = LaunchScreen.storyboard;
			sourceTree = "<group>";
		};
/* End PBXVariantGroup section */

/* Begin XCBuildConfiguration section */
		B9A4C0042746876B001F0C99 /* Debug */ = {
			isa = XCBuildConfiguration;
			buildSettings = {
				ALWAYS_SEARCH_USER_PATHS = NO;
				CLANG_ANALYZER_NONNULL = YES;
				CLANG_ANALYZER_NUMBER_OBJECT_CONVERSION = YES_AGGRESSIVE;
				CLANG_CXX_LANGUAGE_STANDARD = "gnu++17";
				CLANG_CXX_LIBRARY = "libc++";
				CLANG_ENABLE_MODULES = YES;
				CLANG_ENABLE_OBJC_ARC = YES;
				CLANG_ENABLE_OBJC_WEAK = YES;
				CLANG_WARN_BLOCK_CAPTURE_AUTORELEASING = YES;
				CLANG_WARN_BOOL_CONVERSION = YES;
				CLANG_WARN_COMMA = YES;
				CLANG_WARN_CONSTANT_CONVERSION = YES;
				CLANG_WARN_DEPRECATED_OBJC_IMPLEMENTATIONS = YES;
				CLANG_WARN_DIRECT_OBJC_ISA_USAGE = YES_ERROR;
				CLANG_WARN_DOCUMENTATION_COMMENTS = YES;
				CLANG_WARN_EMPTY_BODY = YES;
				CLANG_WARN_ENUM_CONVERSION = YES;
				CLANG_WARN_INFINITE_RECURSION = YES;
				CLANG_WARN_INT_CONVERSION = YES;
				CLANG_WARN_NON_LITERAL_NULL_CONVERSION = YES;
				CLANG_WARN_OBJC_IMPLICIT_RETAIN_SELF = YES;
				CLANG_WARN_OBJC_LITERAL_CONVERSION = YES;
				CLANG_WARN_OBJC_ROOT_CLASS = YES_ERROR;
				CLANG_WARN_QUOTED_INCLUDE_IN_FRAMEWORK_HEADER = YES;
				CLANG_WARN_RANGE_LOOP_ANALYSIS = YES;
				CLANG_WARN_STRICT_PROTOTYPES = YES;
				CLANG_WARN_SUSPICIOUS_MOVE = YES;
				CLANG_WARN_UNGUARDED_AVAILABILITY = YES_AGGRESSIVE;
				CLANG_WARN_UNREACHABLE_CODE = YES;
				CLANG_WARN__DUPLICATE_METHOD_MATCH = YES;
				COPY_PHASE_STRIP = NO;
				DEBUG_INFORMATION_FORMAT = dwarf;
				ENABLE_STRICT_OBJC_MSGSEND = YES;
				ENABLE_TESTABILITY = YES;
				GCC_C_LANGUAGE_STANDARD = gnu11;
				GCC_DYNAMIC_NO_PIC = NO;
				GCC_NO_COMMON_BLOCKS = YES;
				GCC_OPTIMIZATION_LEVEL = 0;
				GCC_PREPROCESSOR_DEFINITIONS = (
					"DEBUG=1",
					"$(inherited)",
				);
				GCC_WARN_64_TO_32_BIT_CONVERSION = YES;
				GCC_WARN_ABOUT_RETURN_TYPE = YES_ERROR;
				GCC_WARN_UNDECLARED_SELECTOR = YES;
				GCC_WARN_UNINITIALIZED_AUTOS = YES_AGGRESSIVE;
				GCC_WARN_UNUSED_FUNCTION = YES;
				GCC_WARN_UNUSED_VARIABLE = YES;
				IPHONEOS_DEPLOYMENT_TARGET = 15.0;
				MTL_ENABLE_DEBUG_INFO = INCLUDE_SOURCE;
				MTL_FAST_MATH = YES;
				ONLY_ACTIVE_ARCH = YES;
				SDKROOT = iphoneos;
				SWIFT_ACTIVE_COMPILATION_CONDITIONS = DEBUG;
				SWIFT_OPTIMIZATION_LEVEL = "-Onone";
			};
			name = Debug;
		};
		B9A4C0052746876B001F0C99 /* Release */ = {
			isa = XCBuildConfiguration;
			buildSettings = {
				ALWAYS_SEARCH_USER_PATHS = NO;
				CLANG_ANALYZER_NONNULL = YES;
				CLANG_ANALYZER_NUMBER_OBJECT_CONVERSION = YES_AGGRESSIVE;
				CLANG_CXX_LANGUAGE_STANDARD = "gnu++17";
				CLANG_CXX_LIBRARY = "libc++";
				CLANG_ENABLE_MODULES = YES;
				CLANG_ENABLE_OBJC_ARC = YES;
				CLANG_ENABLE_OBJC_WEAK = YES;
				CLANG_WARN_BLOCK_CAPTURE_AUTORELEASING = YES;
				CLANG_WARN_BOOL_CONVERSION = YES;
				CLANG_WARN_COMMA = YES;
				CLANG_WARN_CONSTANT_CONVERSION = YES;
				CLANG_WARN_DEPRECATED_OBJC_IMPLEMENTATIONS = YES;
				CLANG_WARN_DIRECT_OBJC_ISA_USAGE = YES_ERROR;
				CLANG_WARN_DOCUMENTATION_COMMENTS = YES;
				CLANG_WARN_EMPTY_BODY = YES;
				CLANG_WARN_ENUM_CONVERSION = YES;
				CLANG_WARN_INFINITE_RECURSION = YES;
				CLANG_WARN_INT_CONVERSION = YES;
				CLANG_WARN_NON_LITERAL_NULL_CONVERSION = YES;
				CLANG_WARN_OBJC_IMPLICIT_RETAIN_SELF = YES;
				CLANG_WARN_OBJC_LITERAL_CONVERSION = YES;
				CLANG_WARN_OBJC_ROOT_CLASS = YES_ERROR;
				CLANG_WARN_QUOTED_INCLUDE_IN_FRAMEWORK_HEADER = YES;
				CLANG_WARN_RANGE_LOOP_ANALYSIS = YES;
				CLANG_WARN_STRICT_PROTOTYPES = YES;
				CLANG_WARN_SUSPICIOUS_MOVE = YES;
				CLANG_WARN_UNGUARDED_AVAILABILITY = YES_AGGRESSIVE;
				CLANG_WARN_UNREACHABLE_CODE = YES;
				CLANG_WARN__DUPLICATE_METHOD_MATCH = YES;
				COPY_PHASE_STRIP = NO;
				DEBUG_INFORMATION_FORMAT = "dwarf-with-dsym";
				ENABLE_NS_ASSERTIONS = NO;
				ENABLE_STRICT_OBJC_MSGSEND = YES;
				GCC_C_LANGUAGE_STANDARD = gnu11;
				GCC_NO_COMMON_BLOCKS = YES;
				GCC_WARN_64_TO_32_BIT_CONVERSION = YES;
				GCC_WARN_ABOUT_RETURN_TYPE = YES_ERROR;
				GCC_WARN_UNDECLARED_SELECTOR = YES;
				GCC_WARN_UNINITIALIZED_AUTOS = YES_AGGRESSIVE;
				GCC_WARN_UNUSED_FUNCTION = YES;
				GCC_WARN_UNUSED_VARIABLE = YES;
				IPHONEOS_DEPLOYMENT_TARGET = 15.0;
				MTL_ENABLE_DEBUG_INFO = NO;
				MTL_FAST_MATH = YES;
				SDKROOT = iphoneos;
				SWIFT_COMPILATION_MODE = wholemodule;
				SWIFT_OPTIMIZATION_LEVEL = "-O";
				VALIDATE_PRODUCT = YES;
			};
			name = Release;
		};
		B9A4C0072746876B001F0C99 /* Debug */ = {
			isa = XCBuildConfiguration;
			buildSettings = {
				ASSETCATALOG_COMPILER_APPICON_NAME = AppIcon;
				ASSETCATALOG_COMPILER_GLOBAL_ACCENT_COLOR_NAME = AccentColor;
				CODE_SIGN_STYLE = Automatic;
				CURRENT_PROJECT_VERSION = 1;
				DEVELOPMENT_TEAM = A24CY4Q5D9;
				GENERATE_INFOPLIST_FILE = YES;
				INFOPLIST_FILE = Day4_HW_Solution/Info.plist;
				INFOPLIST_KEY_UIApplicationSupportsIndirectInputEvents = YES;
				INFOPLIST_KEY_UILaunchStoryboardName = LaunchScreen;
				INFOPLIST_KEY_UIMainStoryboardFile = Main;
				INFOPLIST_KEY_UISupportedInterfaceOrientations_iPad = "UIInterfaceOrientationPortrait UIInterfaceOrientationPortraitUpsideDown UIInterfaceOrientationLandscapeLeft UIInterfaceOrientationLandscapeRight";
				INFOPLIST_KEY_UISupportedInterfaceOrientations_iPhone = "UIInterfaceOrientationPortrait UIInterfaceOrientationLandscapeLeft UIInterfaceOrientationLandscapeRight";
				LD_RUNPATH_SEARCH_PATHS = (
					"$(inherited)",
					"@executable_path/Frameworks",
				);
				MARKETING_VERSION = 1.0;
				PRODUCT_BUNDLE_IDENTIFIER = "Tuwaiq.Day4-HW-Solution";
				PRODUCT_NAME = "$(TARGET_NAME)";
				SWIFT_EMIT_LOC_STRINGS = YES;
				SWIFT_VERSION = 5.0;
				TARGETED_DEVICE_FAMILY = "1,2";
			};
			name = Debug;
		};
		B9A4C0082746876B001F0C99 /* Release */ = {
			isa = XCBuildConfiguration;
			buildSettings = {
				ASSETCATALOG_COMPILER_APPICON_NAME = AppIcon;
				ASSETCATALOG_COMPILER_GLOBAL_ACCENT_COLOR_NAME = AccentColor;
				CODE_SIGN_STYLE = Automatic;
				CURRENT_PROJECT_VERSION = 1;
				DEVELOPMENT_TEAM = A24CY4Q5D9;
				GENERATE_INFOPLIST_FILE = YES;
				INFOPLIST_FILE = Day4_HW_Solution/Info.plist;
				INFOPLIST_KEY_UIApplicationSupportsIndirectInputEvents = YES;
				INFOPLIST_KEY_UILaunchStoryboardName = LaunchScreen;
				INFOPLIST_KEY_UIMainStoryboardFile = Main;
				INFOPLIST_KEY_UISupportedInterfaceOrientations_iPad = "UIInterfaceOrientationPortrait UIInterfaceOrientationPortraitUpsideDown UIInterfaceOrientationLandscapeLeft UIInterfaceOrientationLandscapeRight";
				INFOPLIST_KEY_UISupportedInterfaceOrientations_iPhone = "UIInterfaceOrientationPortrait UIInterfaceOrientationLandscapeLeft UIInterfaceOrientationLandscapeRight";
				LD_RUNPATH_SEARCH_PATHS = (
					"$(inherited)",
					"@executable_path/Frameworks",
				);
				MARKETING_VERSION = 1.0;
				PRODUCT_BUNDLE_IDENTIFIER = "Tuwaiq.Day4-HW-Solution";
				PRODUCT_NAME = "$(TARGET_NAME)";
				SWIFT_EMIT_LOC_STRINGS = YES;
				SWIFT_VERSION = 5.0;
				TARGETED_DEVICE_FAMILY = "1,2";
			};
			name = Release;
		};
/* End XCBuildConfiguration section */

/* Begin XCConfigurationList section */
		B9A4BFED27468769001F0C99 /* Build configuration list for PBXProject "Day4_HW_Solution" */ = {
			isa = XCConfigurationList;
			buildConfigurations = (
				B9A4C0042746876B001F0C99 /* Debug */,
				B9A4C0052746876B001F0C99 /* Release */,
			);
			defaultConfigurationIsVisible = 0;
			defaultConfigurationName = Release;
		};
		B9A4C0062746876B001F0C99 /* Build configuration list for PBXNativeTarget "Day4_HW_Solution" */ = {
			isa = XCConfigurationList;
			buildConfigurations = (
				B9A4C0072746876B001F0C99 /* Debug */,
				B9A4C0082746876B001F0C99 /* Release */,
			);
			defaultConfigurationIsVisible = 0;
			defaultConfigurationName = Release;
		};
/* End XCConfigurationList section */
	};
	rootObject = B9A4BFEA27468769001F0C99 /* Project object */;
}
